# THIS IS AN AUTOGENERATED FILE. DO NOT EDIT THIS FILE DIRECTLY.
# yarn lockfile v1


atob@^2.1.2:
  version "2.1.2"
  resolved "https://registry.npm.taobao.org/atob/download/atob-2.1.2.tgz#6d9517eb9e030d2436666651e86bd9f6f13533c9"
  integrity sha1-bZUX654DDSQ2ZmZR6GvZ9vE1M8k=

css@^3.0.0:
  version "3.0.0"
  resolved "https://registry.npm.taobao.org/css/download/css-3.0.0.tgz?cache=0&sync_timestamp=1593663585785&other_urls=https%3A%2F%2Fregistry.npm.taobao.org%2Fcss%2Fdownload%2Fcss-3.0.0.tgz#4447a4d58fdd03367c516ca9f64ae365cee4aa5d"
  integrity sha1-REek1Y/dAzZ8UWyp9krjZc7kql0=
  dependencies:
    inherits "^2.0.4"
    source-map "^0.6.1"
    source-map-resolve "^0.6.0"

decode-uri-component@^0.2.0:
  version "0.2.0"
  resolved "https://registry.npm.taobao.org/decode-uri-component/download/decode-uri-component-0.2.0.tgz#eb3913333458775cb84cd1a1fae062106bb87545"
  integrity sha1-6zkTMzRYd1y4TNGh+uBiEGu4dUU=

inherits@^2.0.4:
  version "2.0.4"
  resolved "https://registry.npm.taobao.org/inherits/download/inherits-2.0.4.tgz#0fa2c64f932917c3433a0ded55363aae37416b7c"
  integrity sha1-D6LGT5MpF8NDOg3tVTY6rjdBa3w=

source-map-resolve@^0.6.0:
  version "0.6.0"
  resolved "https://registry.npm.taobao.org/source-map-resolve/download/source-map-resolve-0.6.0.tgz?cache=0&sync_timestamp=1584829552965&other_urls=https%3A%2F%2Fregistry.npm.taobao.org%2Fsource-map-resolve%2Fdownload%2Fsource-map-resolve-0.6.0.tgz#3d9df87e236b53f16d01e58150fc7711138e5ed2"
  integrity sha1-PZ34fiNrU/FtAeWBUPx3EROOXtI=
  dependencies:
    atob "^2.1.2"
    decode-uri-component "^0.2.0"

source-map@^0.6.1:
  version "0.6.1"
  resolved "https://registry.npm.taobao.org/source-map/download/source-map-0.6.1.tgz#74722af32e9614e9c287a8d0bbde48b5e2f1a263"
  integrity sha1-dHIq8y6WFOnCh6jQu95IteLxomM=
